// !$*UTF8*$!
{
	archiveVersion = 1;
	classes = {
	};
	objectVersion = 55;
	objects = {

/* Begin PBXBuildFile section */
		EA26B72427F180E8003BF66C /* CircleView.swift in Sources */ = {isa = PBXBuildFile; fileRef = EA26B72327F180E8003BF66C /* CircleView.swift */; };
		EA35A3BF2806693900345975 /* Assets.xcassets in Resources */ = {isa = PBXBuildFile; fileRef = EAD1904127D5B5A4001CF9B5 /* Assets.xcassets */; };
		EA35A3C32806858D00345975 /* UIScreen+Extension.swift in Sources */ = {isa = PBXBuildFile; fileRef = EA35A3C22806858D00345975 /* UIScreen+Extension.swift */; };
		EA55EBA727F48515009C3558 /* LocationManager.swift in Sources */ = {isa = PBXBuildFile; fileRef = EA55EBA627F48515009C3558 /* LocationManager.swift */; };
		EA55EBA927F54330009C3558 /* AppDelegate.swift in Sources */ = {isa = PBXBuildFile; fileRef = EA55EBA827F54330009C3558 /* AppDelegate.swift */; };
		EA55EBAD27F6BD5D009C3558 /* CurrentLocationCenterButton.swift in Sources */ = {isa = PBXBuildFile; fileRef = EA55EBAC27F6BD5D009C3558 /* CurrentLocationCenterButton.swift */; };
		EAC3554627DEF295009E192B /* MapViewModel.swift in Sources */ = {isa = PBXBuildFile; fileRef = EAC3554527DEF295009E192B /* MapViewModel.swift */; };
		EAC3554E27DEF3D4009E192B /* CLAuthorizationStatus.swift in Sources */ = {isa = PBXBuildFile; fileRef = EAC3554D27DEF3D4009E192B /* CLAuthorizationStatus.swift */; };
		EAC3555527DEFA6A009E192B /* PinItem.swift in Sources */ = {isa = PBXBuildFile; fileRef = EAC3555427DEFA6A009E192B /* PinItem.swift */; };
		EAD1905827D5B5A4001CF9B5 /* Tests_iOS.swift in Sources */ = {isa = PBXBuildFile; fileRef = EAD1905727D5B5A4001CF9B5 /* Tests_iOS.swift */; };
		EAD1905A27D5B5A4001CF9B5 /* Tests_iOSLaunchTests.swift in Sources */ = {isa = PBXBuildFile; fileRef = EAD1905927D5B5A4001CF9B5 /* Tests_iOSLaunchTests.swift */; };
		EAD1906727D5B5A4001CF9B5 /* HowMuchTokyoDomeApp.swift in Sources */ = {isa = PBXBuildFile; fileRef = EAD1903F27D5B5A4001CF9B5 /* HowMuchTokyoDomeApp.swift */; };
		EAD1907C27D5B608001CF9B5 /* MainView.swift in Sources */ = {isa = PBXBuildFile; fileRef = EAD1907B27D5B608001CF9B5 /* MainView.swift */; };
		EAD1908227D5B64C001CF9B5 /* MapView.swift in Sources */ = {isa = PBXBuildFile; fileRef = EAD1908127D5B64B001CF9B5 /* MapView.swift */; };
		EAD1908527D5BA62001CF9B5 /* CoreLocation.framework in Frameworks */ = {isa = PBXBuildFile; fileRef = EAD1908427D5BA62001CF9B5 /* CoreLocation.framework */; };
/* End PBXBuildFile section */

/* Begin PBXContainerItemProxy section */
		EAD1905427D5B5A4001CF9B5 /* PBXContainerItemProxy */ = {
			isa = PBXContainerItemProxy;
			containerPortal = EAD1903A27D5B5A3001CF9B5 /* Project object */;
			proxyType = 1;
			remoteGlobalIDString = EAD1904527D5B5A4001CF9B5;
			remoteInfo = "HowMuchTokyoDome (iOS)";
		};
/* End PBXContainerItemProxy section */

/* Begin PBXFileReference section */
		EA26B72327F180E8003BF66C /* CircleView.swift */ = {isa = PBXFileReference; lastKnownFileType = sourcecode.swift; path = CircleView.swift; sourceTree = "<group>"; };
		EA35A3C02806696A00345975 /* TokyoDomeInfo.plist */ = {isa = PBXFileReference; fileEncoding = 4; lastKnownFileType = text.plist.xml; path = TokyoDomeInfo.plist; sourceTree = "<group>"; };
		EA35A3C22806858D00345975 /* UIScreen+Extension.swift */ = {isa = PBXFileReference; lastKnownFileType = sourcecode.swift; path = "UIScreen+Extension.swift"; sourceTree = "<group>"; };
		EA55EBA627F48515009C3558 /* LocationManager.swift */ = {isa = PBXFileReference; lastKnownFileType = sourcecode.swift; path = LocationManager.swift; sourceTree = "<group>"; };
		EA55EBA827F54330009C3558 /* AppDelegate.swift */ = {isa = PBXFileReference; lastKnownFileType = sourcecode.swift; path = AppDelegate.swift; sourceTree = "<group>"; };
		EA55EBAC27F6BD5D009C3558 /* CurrentLocationCenterButton.swift */ = {isa = PBXFileReference; lastKnownFileType = sourcecode.swift; path = CurrentLocationCenterButton.swift; sourceTree = "<group>"; };
		EAC3554527DEF295009E192B /* MapViewModel.swift */ = {isa = PBXFileReference; lastKnownFileType = sourcecode.swift; path = MapViewModel.swift; sourceTree = "<group>"; };
		EAC3554D27DEF3D4009E192B /* CLAuthorizationStatus.swift */ = {isa = PBXFileReference; lastKnownFileType = sourcecode.swift; path = CLAuthorizationStatus.swift; sourceTree = "<group>"; };
		EAC3555427DEFA6A009E192B /* PinItem.swift */ = {isa = PBXFileReference; lastKnownFileType = sourcecode.swift; path = PinItem.swift; sourceTree = "<group>"; };
		EAD1903F27D5B5A4001CF9B5 /* HowMuchTokyoDomeApp.swift */ = {isa = PBXFileReference; lastKnownFileType = sourcecode.swift; path = HowMuchTokyoDomeApp.swift; sourceTree = "<group>"; };
		EAD1904127D5B5A4001CF9B5 /* Assets.xcassets */ = {isa = PBXFileReference; lastKnownFileType = folder.assetcatalog; path = Assets.xcassets; sourceTree = "<group>"; };
		EAD1904627D5B5A4001CF9B5 /* HowMuchTokyoDome.app */ = {isa = PBXFileReference; explicitFileType = wrapper.application; includeInIndex = 0; path = HowMuchTokyoDome.app; sourceTree = BUILT_PRODUCTS_DIR; };
		EAD1905327D5B5A4001CF9B5 /* Tests iOS.xctest */ = {isa = PBXFileReference; explicitFileType = wrapper.cfbundle; includeInIndex = 0; path = "Tests iOS.xctest"; sourceTree = BUILT_PRODUCTS_DIR; };
		EAD1905727D5B5A4001CF9B5 /* Tests_iOS.swift */ = {isa = PBXFileReference; lastKnownFileType = sourcecode.swift; path = Tests_iOS.swift; sourceTree = "<group>"; };
		EAD1905927D5B5A4001CF9B5 /* Tests_iOSLaunchTests.swift */ = {isa = PBXFileReference; lastKnownFileType = sourcecode.swift; path = Tests_iOSLaunchTests.swift; sourceTree = "<group>"; };
		EAD1907B27D5B608001CF9B5 /* MainView.swift */ = {isa = PBXFileReference; lastKnownFileType = sourcecode.swift; path = MainView.swift; sourceTree = "<group>"; };
		EAD1908127D5B64B001CF9B5 /* MapView.swift */ = {isa = PBXFileReference; lastKnownFileType = sourcecode.swift; path = MapView.swift; sourceTree = "<group>"; };
		EAD1908427D5BA62001CF9B5 /* CoreLocation.framework */ = {isa = PBXFileReference; lastKnownFileType = wrapper.framework; name = CoreLocation.framework; path = Platforms/iPhoneOS.platform/Developer/SDKs/iPhoneOS15.2.sdk/System/Library/Frameworks/CoreLocation.framework; sourceTree = DEVELOPER_DIR; };
/* End PBXFileReference section */

/* Begin PBXFrameworksBuildPhase section */
		EAD1904327D5B5A4001CF9B5 /* Frameworks */ = {
			isa = PBXFrameworksBuildPhase;
			buildActionMask = 2147483647;
			files = (
				EAD1908527D5BA62001CF9B5 /* CoreLocation.framework in Frameworks */,
			);
			runOnlyForDeploymentPostprocessing = 0;
		};
		EAD1905027D5B5A4001CF9B5 /* Frameworks */ = {
			isa = PBXFrameworksBuildPhase;
			buildActionMask = 2147483647;
			files = (
			);
			runOnlyForDeploymentPostprocessing = 0;
		};
/* End PBXFrameworksBuildPhase section */

/* Begin PBXGroup section */
		EA0DDF5627EC458C008FB0D5 /* View */ = {
			isa = PBXGroup;
			children = (
				EAD1907B27D5B608001CF9B5 /* MainView.swift */,
				EAD1908127D5B64B001CF9B5 /* MapView.swift */,
				EA26B72327F180E8003BF66C /* CircleView.swift */,
				EA55EBAC27F6BD5D009C3558 /* CurrentLocationCenterButton.swift */,
			);
			path = View;
			sourceTree = "<group>";
		};
		EA55EBA527F484AD009C3558 /* Manager */ = {
			isa = PBXGroup;
			children = (
				EA55EBA627F48515009C3558 /* LocationManager.swift */,
			);
			path = Manager;
			sourceTree = "<group>";
		};
		EAC3554B27DEF325009E192B /* Model */ = {
			isa = PBXGroup;
			children = (
				EAC3555427DEFA6A009E192B /* PinItem.swift */,
			);
			path = Model;
			sourceTree = "<group>";
		};
		EAC3554C27DEF35D009E192B /* ViewModel */ = {
			isa = PBXGroup;
			children = (
				EAC3554527DEF295009E192B /* MapViewModel.swift */,
			);
			path = ViewModel;
			sourceTree = "<group>";
		};
		EAC3555027DEF3DA009E192B /* Extensions */ = {
			isa = PBXGroup;
			children = (
				EAC3554D27DEF3D4009E192B /* CLAuthorizationStatus.swift */,
				EA35A3C22806858D00345975 /* UIScreen+Extension.swift */,
			);
			path = Extensions;
			sourceTree = "<group>";
		};
		EAD1903927D5B5A3001CF9B5 = {
			isa = PBXGroup;
			children = (
				EA35A3C02806696A00345975 /* TokyoDomeInfo.plist */,
				EAD1903E27D5B5A4001CF9B5 /* Shared */,
				EAD1905627D5B5A4001CF9B5 /* Tests iOS */,
				EAD1904727D5B5A4001CF9B5 /* Products */,
				EAD1908327D5BA62001CF9B5 /* Frameworks */,
			);
			sourceTree = "<group>";
		};
		EAD1903E27D5B5A4001CF9B5 /* Shared */ = {
			isa = PBXGroup;
			children = (
				EAD1903F27D5B5A4001CF9B5 /* HowMuchTokyoDomeApp.swift */,
				EA55EBA827F54330009C3558 /* AppDelegate.swift */,
				EA0DDF5627EC458C008FB0D5 /* View */,
				EAC3554C27DEF35D009E192B /* ViewModel */,
				EAC3554B27DEF325009E192B /* Model */,
				EAC3555027DEF3DA009E192B /* Extensions */,
				EA55EBA527F484AD009C3558 /* Manager */,
				EAD1904127D5B5A4001CF9B5 /* Assets.xcassets */,
			);
			path = Shared;
			sourceTree = "<group>";
		};
		EAD1904727D5B5A4001CF9B5 /* Products */ = {
			isa = PBXGroup;
			children = (
				EAD1904627D5B5A4001CF9B5 /* HowMuchTokyoDome.app */,
				EAD1905327D5B5A4001CF9B5 /* Tests iOS.xctest */,
			);
			name = Products;
			sourceTree = "<group>";
		};
		EAD1905627D5B5A4001CF9B5 /* Tests iOS */ = {
			isa = PBXGroup;
			children = (
				EAD1905727D5B5A4001CF9B5 /* Tests_iOS.swift */,
				EAD1905927D5B5A4001CF9B5 /* Tests_iOSLaunchTests.swift */,
			);
			path = "Tests iOS";
			sourceTree = "<group>";
		};
		EAD1908327D5BA62001CF9B5 /* Frameworks */ = {
			isa = PBXGroup;
			children = (
				EAD1908427D5BA62001CF9B5 /* CoreLocation.framework */,
			);
			name = Frameworks;
			sourceTree = "<group>";
		};
/* End PBXGroup section */

/* Begin PBXNativeTarget section */
		EAD1904527D5B5A4001CF9B5 /* HowMuchTokyoDome */ = {
			isa = PBXNativeTarget;
			buildConfigurationList = EAD1906F27D5B5A4001CF9B5 /* Build configuration list for PBXNativeTarget "HowMuchTokyoDome" */;
			buildPhases = (
				EAD1904227D5B5A4001CF9B5 /* Sources */,
				EAD1904327D5B5A4001CF9B5 /* Frameworks */,
				EAD1904427D5B5A4001CF9B5 /* Resources */,
			);
			buildRules = (
			);
			dependencies = (
			);
			name = HowMuchTokyoDome;
			productName = "HowMuchTokyoDome (iOS)";
			productReference = EAD1904627D5B5A4001CF9B5 /* HowMuchTokyoDome.app */;
			productType = "com.apple.product-type.application";
		};
		EAD1905227D5B5A4001CF9B5 /* Tests iOS */ = {
			isa = PBXNativeTarget;
			buildConfigurationList = EAD1907527D5B5A4001CF9B5 /* Build configuration list for PBXNativeTarget "Tests iOS" */;
			buildPhases = (
				EAD1904F27D5B5A4001CF9B5 /* Sources */,
				EAD1905027D5B5A4001CF9B5 /* Frameworks */,
				EAD1905127D5B5A4001CF9B5 /* Resources */,
			);
			buildRules = (
			);
			dependencies = (
				EAD1905527D5B5A4001CF9B5 /* PBXTargetDependency */,
			);
			name = "Tests iOS";
			productName = "Tests iOS";
			productReference = EAD1905327D5B5A4001CF9B5 /* Tests iOS.xctest */;
			productType = "com.apple.product-type.bundle.ui-testing";
		};
/* End PBXNativeTarget section */

/* Begin PBXProject section */
		EAD1903A27D5B5A3001CF9B5 /* Project object */ = {
			isa = PBXProject;
			attributes = {
				BuildIndependentTargetsInParallel = 1;
				LastSwiftUpdateCheck = 1320;
				LastUpgradeCheck = 1320;
				TargetAttributes = {
					EAD1904527D5B5A4001CF9B5 = {
						CreatedOnToolsVersion = 13.2.1;
					};
					EAD1905227D5B5A4001CF9B5 = {
						CreatedOnToolsVersion = 13.2.1;
						TestTargetID = EAD1904527D5B5A4001CF9B5;
					};
				};
			};
			buildConfigurationList = EAD1903D27D5B5A3001CF9B5 /* Build configuration list for PBXProject "HowMuchTokyoDome" */;
			compatibilityVersion = "Xcode 13.0";
			developmentRegion = en;
			hasScannedForEncodings = 0;
			knownRegions = (
				en,
				Base,
			);
			mainGroup = EAD1903927D5B5A3001CF9B5;
			productRefGroup = EAD1904727D5B5A4001CF9B5 /* Products */;
			projectDirPath = "";
			projectRoot = "";
			targets = (
				EAD1904527D5B5A4001CF9B5 /* HowMuchTokyoDome */,
				EAD1905227D5B5A4001CF9B5 /* Tests iOS */,
			);
		};
/* End PBXProject section */

/* Begin PBXResourcesBuildPhase section */
		EAD1904427D5B5A4001CF9B5 /* Resources */ = {
			isa = PBXResourcesBuildPhase;
			buildActionMask = 2147483647;
			files = (
				EA35A3BF2806693900345975 /* Assets.xcassets in Resources */,
			);
			runOnlyForDeploymentPostprocessing = 0;
		};
		EAD1905127D5B5A4001CF9B5 /* Resources */ = {
			isa = PBXResourcesBuildPhase;
			buildActionMask = 2147483647;
			files = (
			);
			runOnlyForDeploymentPostprocessing = 0;
		};
/* End PBXResourcesBuildPhase section */

/* Begin PBXSourcesBuildPhase section */
		EAD1904227D5B5A4001CF9B5 /* Sources */ = {
			isa = PBXSourcesBuildPhase;
			buildActionMask = 2147483647;
			files = (
				EA26B72427F180E8003BF66C /* CircleView.swift in Sources */,
				EA55EBAD27F6BD5D009C3558 /* CurrentLocationCenterButton.swift in Sources */,
				EA35A3C32806858D00345975 /* UIScreen+Extension.swift in Sources */,
				EAD1907C27D5B608001CF9B5 /* MainView.swift in Sources */,
				EAC3554627DEF295009E192B /* MapViewModel.swift in Sources */,
				EA55EBA927F54330009C3558 /* AppDelegate.swift in Sources */,
				EAD1908227D5B64C001CF9B5 /* MapView.swift in Sources */,
				EAD1906727D5B5A4001CF9B5 /* HowMuchTokyoDomeApp.swift in Sources */,
				EAC3555527DEFA6A009E192B /* PinItem.swift in Sources */,
				EAC3554E27DEF3D4009E192B /* CLAuthorizationStatus.swift in Sources */,
				EA55EBA727F48515009C3558 /* LocationManager.swift in Sources */,
			);
			runOnlyForDeploymentPostprocessing = 0;
		};
		EAD1904F27D5B5A4001CF9B5 /* Sources */ = {
			isa = PBXSourcesBuildPhase;
			buildActionMask = 2147483647;
			files = (
				EAD1905A27D5B5A4001CF9B5 /* Tests_iOSLaunchTests.swift in Sources */,
				EAD1905827D5B5A4001CF9B5 /* Tests_iOS.swift in Sources */,
			);
			runOnlyForDeploymentPostprocessing = 0;
		};
/* End PBXSourcesBuildPhase section */

/* Begin PBXTargetDependency section */
		EAD1905527D5B5A4001CF9B5 /* PBXTargetDependency */ = {
			isa = PBXTargetDependency;
			target = EAD1904527D5B5A4001CF9B5 /* HowMuchTokyoDome */;
			targetProxy = EAD1905427D5B5A4001CF9B5 /* PBXContainerItemProxy */;
		};
/* End PBXTargetDependency section */

/* Begin XCBuildConfiguration section */
		EAD1906D27D5B5A4001CF9B5 /* Debug */ = {
			isa = XCBuildConfiguration;
			buildSettings = {
				ALWAYS_SEARCH_USER_PATHS = NO;
				CLANG_ANALYZER_NONNULL = YES;
				CLANG_ANALYZER_NUMBER_OBJECT_CONVERSION = YES_AGGRESSIVE;
				CLANG_CXX_LANGUAGE_STANDARD = "gnu++17";
				CLANG_CXX_LIBRARY = "libc++";
				CLANG_ENABLE_MODULES = YES;
				CLANG_ENABLE_OBJC_ARC = YES;
				CLANG_ENABLE_OBJC_WEAK = YES;
				CLANG_WARN_BLOCK_CAPTURE_AUTORELEASING = YES;
				CLANG_WARN_BOOL_CONVERSION = YES;
				CLANG_WARN_COMMA = YES;
				CLANG_WARN_CONSTANT_CONVERSION = YES;
				CLANG_WARN_DEPRECATED_OBJC_IMPLEMENTATIONS = YES;
				CLANG_WARN_DIRECT_OBJC_ISA_USAGE = YES_ERROR;
				CLANG_WARN_DOCUMENTATION_COMMENTS = YES;
				CLANG_WARN_EMPTY_BODY = YES;
				CLANG_WARN_ENUM_CONVERSION = YES;
				CLANG_WARN_INFINITE_RECURSION = YES;
				CLANG_WARN_INT_CONVERSION = YES;
				CLANG_WARN_NON_LITERAL_NULL_CONVERSION = YES;
				CLANG_WARN_OBJC_IMPLICIT_RETAIN_SELF = YES;
				CLANG_WARN_OBJC_LITERAL_CONVERSION = YES;
				CLANG_WARN_OBJC_ROOT_CLASS = YES_ERROR;
				CLANG_WARN_QUOTED_INCLUDE_IN_FRAMEWORK_HEADER = YES;
				CLANG_WARN_RANGE_LOOP_ANALYSIS = YES;
				CLANG_WARN_STRICT_PROTOTYPES = YES;
				CLANG_WARN_SUSPICIOUS_MOVE = YES;
				CLANG_WARN_UNGUARDED_AVAILABILITY = YES_AGGRESSIVE;
				CLANG_WARN_UNREACHABLE_CODE = YES;
				CLANG_WARN__DUPLICATE_METHOD_MATCH = YES;
				COPY_PHASE_STRIP = NO;
				DEBUG_INFORMATION_FORMAT = dwarf;
				ENABLE_STRICT_OBJC_MSGSEND = YES;
				ENABLE_TESTABILITY = YES;
				GCC_C_LANGUAGE_STANDARD = gnu11;
				GCC_DYNAMIC_NO_PIC = NO;
				GCC_NO_COMMON_BLOCKS = YES;
				GCC_OPTIMIZATION_LEVEL = 0;
				GCC_PREPROCESSOR_DEFINITIONS = (
					"DEBUG=1",
					"$(inherited)",
				);
				GCC_WARN_64_TO_32_BIT_CONVERSION = YES;
				GCC_WARN_ABOUT_RETURN_TYPE = YES_ERROR;
				GCC_WARN_UNDECLARED_SELECTOR = YES;
				GCC_WARN_UNINITIALIZED_AUTOS = YES_AGGRESSIVE;
				GCC_WARN_UNUSED_FUNCTION = YES;
				GCC_WARN_UNUSED_VARIABLE = YES;
				MTL_ENABLE_DEBUG_INFO = INCLUDE_SOURCE;
				MTL_FAST_MATH = YES;
				ONLY_ACTIVE_ARCH = YES;
				SWIFT_ACTIVE_COMPILATION_CONDITIONS = DEBUG;
				SWIFT_OPTIMIZATION_LEVEL = "-Onone";
			};
			name = Debug;
		};
		EAD1906E27D5B5A4001CF9B5 /* Release */ = {
			isa = XCBuildConfiguration;
			buildSettings = {
				ALWAYS_SEARCH_USER_PATHS = NO;
				CLANG_ANALYZER_NONNULL = YES;
				CLANG_ANALYZER_NUMBER_OBJECT_CONVERSION = YES_AGGRESSIVE;
				CLANG_CXX_LANGUAGE_STANDARD = "gnu++17";
				CLANG_CXX_LIBRARY = "libc++";
				CLANG_ENABLE_MODULES = YES;
				CLANG_ENABLE_OBJC_ARC = YES;
				CLANG_ENABLE_OBJC_WEAK = YES;
				CLANG_WARN_BLOCK_CAPTURE_AUTORELEASING = YES;
				CLANG_WARN_BOOL_CONVERSION = YES;
				CLANG_WARN_COMMA = YES;
				CLANG_WARN_CONSTANT_CONVERSION = YES;
				CLANG_WARN_DEPRECATED_OBJC_IMPLEMENTATIONS = YES;
				CLANG_WARN_DIRECT_OBJC_ISA_USAGE = YES_ERROR;
				CLANG_WARN_DOCUMENTATION_COMMENTS = YES;
				CLANG_WARN_EMPTY_BODY = YES;
				CLANG_WARN_ENUM_CONVERSION = YES;
				CLANG_WARN_INFINITE_RECURSION = YES;
				CLANG_WARN_INT_CONVERSION = YES;
				CLANG_WARN_NON_LITERAL_NULL_CONVERSION = YES;
				CLANG_WARN_OBJC_IMPLICIT_RETAIN_SELF = YES;
				CLANG_WARN_OBJC_LITERAL_CONVERSION = YES;
				CLANG_WARN_OBJC_ROOT_CLASS = YES_ERROR;
				CLANG_WARN_QUOTED_INCLUDE_IN_FRAMEWORK_HEADER = YES;
				CLANG_WARN_RANGE_LOOP_ANALYSIS = YES;
				CLANG_WARN_STRICT_PROTOTYPES = YES;
				CLANG_WARN_SUSPICIOUS_MOVE = YES;
				CLANG_WARN_UNGUARDED_AVAILABILITY = YES_AGGRESSIVE;
				CLANG_WARN_UNREACHABLE_CODE = YES;
				CLANG_WARN__DUPLICATE_METHOD_MATCH = YES;
				COPY_PHASE_STRIP = NO;
				DEBUG_INFORMATION_FORMAT = "dwarf-with-dsym";
				ENABLE_NS_ASSERTIONS = NO;
				ENABLE_STRICT_OBJC_MSGSEND = YES;
				GCC_C_LANGUAGE_STANDARD = gnu11;
				GCC_NO_COMMON_BLOCKS = YES;
				GCC_WARN_64_TO_32_BIT_CONVERSION = YES;
				GCC_WARN_ABOUT_RETURN_TYPE = YES_ERROR;
				GCC_WARN_UNDECLARED_SELECTOR = YES;
				GCC_WARN_UNINITIALIZED_AUTOS = YES_AGGRESSIVE;
				GCC_WARN_UNUSED_FUNCTION = YES;
				GCC_WARN_UNUSED_VARIABLE = YES;
				MTL_ENABLE_DEBUG_INFO = NO;
				MTL_FAST_MATH = YES;
				SWIFT_COMPILATION_MODE = wholemodule;
				SWIFT_OPTIMIZATION_LEVEL = "-O";
			};
			name = Release;
		};
		EAD1907027D5B5A4001CF9B5 /* Debug */ = {
			isa = XCBuildConfiguration;
			buildSettings = {
				ASSETCATALOG_COMPILER_APPICON_NAME = AppIcon;
				ASSETCATALOG_COMPILER_GLOBAL_ACCENT_COLOR_NAME = AccentColor;
				CODE_SIGN_STYLE = Automatic;
				CURRENT_PROJECT_VERSION = 1;
				ENABLE_PREVIEWS = YES;
				GENERATE_INFOPLIST_FILE = YES;
				INFOPLIST_FILE = TokyoDomeInfo.plist;
				INFOPLIST_KEY_CFBundleDisplayName = "";
				INFOPLIST_KEY_LSApplicationCategoryType = "";
				INFOPLIST_KEY_NSLocationWhenInUseUsageDescription = "このアプリケーションは位置情報を使用します";
				INFOPLIST_KEY_UIApplicationSceneManifest_Generation = YES;
				INFOPLIST_KEY_UIApplicationSupportsIndirectInputEvents = YES;
				INFOPLIST_KEY_UILaunchScreen_Generation = YES;
				INFOPLIST_KEY_UISupportedInterfaceOrientations = "UIInterfaceOrientationPortrait UIInterfaceOrientationPortraitUpsideDown UIInterfaceOrientationLandscapeLeft UIInterfaceOrientationLandscapeRight";
				INFOPLIST_KEY_UISupportedInterfaceOrientations_iPad = UIInterfaceOrientationPortrait;
				INFOPLIST_KEY_UISupportedInterfaceOrientations_iPhone = UIInterfaceOrientationPortrait;
				IPHONEOS_DEPLOYMENT_TARGET = 15.2;
				LD_RUNPATH_SEARCH_PATHS = (
					"$(inherited)",
					"@executable_path/Frameworks",
				);
				MARKETING_VERSION = 1.0;
				PRODUCT_BUNDLE_IDENTIFIER = com.tomokagemo.HowMuchTokyoDome;
				PRODUCT_NAME = HowMuchTokyoDome;
				SDKROOT = iphoneos;
				SWIFT_EMIT_LOC_STRINGS = YES;
				SWIFT_VERSION = 5.0;
				TARGETED_DEVICE_FAMILY = "1,2";
			};
			name = Debug;
		};
		EAD1907127D5B5A4001CF9B5 /* Release */ = {
			isa = XCBuildConfiguration;
			buildSettings = {
				ASSETCATALOG_COMPILER_APPICON_NAME = AppIcon;
				ASSETCATALOG_COMPILER_GLOBAL_ACCENT_COLOR_NAME = AccentColor;
				CODE_SIGN_STYLE = Automatic;
				CURRENT_PROJECT_VERSION = 1;
				ENABLE_PREVIEWS = YES;
				GENERATE_INFOPLIST_FILE = YES;
				INFOPLIST_FILE = TokyoDomeInfo.plist;
				INFOPLIST_KEY_CFBundleDisplayName = "";
				INFOPLIST_KEY_LSApplicationCategoryType = "";
				INFOPLIST_KEY_NSLocationWhenInUseUsageDescription = "このアプリケーションは位置情報を使用します";
				INFOPLIST_KEY_UIApplicationSceneManifest_Generation = YES;
				INFOPLIST_KEY_UIApplicationSupportsIndirectInputEvents = YES;
				INFOPLIST_KEY_UILaunchScreen_Generation = YES;
				INFOPLIST_KEY_UISupportedInterfaceOrientations = "UIInterfaceOrientationPortrait UIInterfaceOrientationPortraitUpsideDown UIInterfaceOrientationLandscapeLeft UIInterfaceOrientationLandscapeRight";
				INFOPLIST_KEY_UISupportedInterfaceOrientations_iPad = UIInterfaceOrientationPortrait;
				INFOPLIST_KEY_UISupportedInterfaceOrientations_iPhone = UIInterfaceOrientationPortrait;
				IPHONEOS_DEPLOYMENT_TARGET = 15.2;
				LD_RUNPATH_SEARCH_PATHS = (
					"$(inherited)",
					"@executable_path/Frameworks",
				);
				MARKETING_VERSION = 1.0;
				PRODUCT_BUNDLE_IDENTIFIER = com.tomokagemo.HowMuchTokyoDome;
				PRODUCT_NAME = HowMuchTokyoDome;
				SDKROOT = iphoneos;
				SWIFT_EMIT_LOC_STRINGS = YES;
				SWIFT_VERSION = 5.0;
				TARGETED_DEVICE_FAMILY = "1,2";
				VALIDATE_PRODUCT = YES;
			};
			name = Release;
		};
		EAD1907627D5B5A4001CF9B5 /* Debug */ = {
			isa = XCBuildConfiguration;
			buildSettings = {
				ALWAYS_EMBED_SWIFT_STANDARD_LIBRARIES = YES;
				CODE_SIGN_STYLE = Automatic;
				CURRENT_PROJECT_VERSION = 1;
				GENERATE_INFOPLIST_FILE = YES;
				IPHONEOS_DEPLOYMENT_TARGET = 15.2;
				MARKETING_VERSION = 1.0;
				PRODUCT_BUNDLE_IDENTIFIER = "com.tomokagemo.Tests-iOS";
				PRODUCT_NAME = "$(TARGET_NAME)";
				SDKROOT = iphoneos;
				SWIFT_EMIT_LOC_STRINGS = NO;
				SWIFT_VERSION = 5.0;
				TARGETED_DEVICE_FAMILY = "1,2";
				TEST_TARGET_NAME = "HowMuchTokyoDome (iOS)";
			};
			name = Debug;
		};
		EAD1907727D5B5A4001CF9B5 /* Release */ = {
			isa = XCBuildConfiguration;
			buildSettings = {
				ALWAYS_EMBED_SWIFT_STANDARD_LIBRARIES = YES;
				CODE_SIGN_STYLE = Automatic;
				CURRENT_PROJECT_VERSION = 1;
				GENERATE_INFOPLIST_FILE = YES;
				IPHONEOS_DEPLOYMENT_TARGET = 15.2;
				MARKETING_VERSION = 1.0;
				PRODUCT_BUNDLE_IDENTIFIER = "com.tomokagemo.Tests-iOS";
				PRODUCT_NAME = "$(TARGET_NAME)";
				SDKROOT = iphoneos;
				SWIFT_EMIT_LOC_STRINGS = NO;
				SWIFT_VERSION = 5.0;
				TARGETED_DEVICE_FAMILY = "1,2";
				TEST_TARGET_NAME = "HowMuchTokyoDome (iOS)";
				VALIDATE_PRODUCT = YES;
			};
			name = Release;
		};
/* End XCBuildConfiguration section */

/* Begin XCConfigurationList section */
		EAD1903D27D5B5A3001CF9B5 /* Build configuration list for PBXProject "HowMuchTokyoDome" */ = {
			isa = XCConfigurationList;
			buildConfigurations = (
				EAD1906D27D5B5A4001CF9B5 /* Debug */,
				EAD1906E27D5B5A4001CF9B5 /* Release */,
			);
			defaultConfigurationIsVisible = 0;
			defaultConfigurationName = Release;
		};
		EAD1906F27D5B5A4001CF9B5 /* Build configuration list for PBXNativeTarget "HowMuchTokyoDome" */ = {
			isa = XCConfigurationList;
			buildConfigurations = (
				EAD1907027D5B5A4001CF9B5 /* Debug */,
				EAD1907127D5B5A4001CF9B5 /* Release */,
			);
			defaultConfigurationIsVisible = 0;
			defaultConfigurationName = Release;
		};
		EAD1907527D5B5A4001CF9B5 /* Build configuration list for PBXNativeTarget "Tests iOS" */ = {
			isa = XCConfigurationList;
			buildConfigurations = (
				EAD1907627D5B5A4001CF9B5 /* Debug */,
				EAD1907727D5B5A4001CF9B5 /* Release */,
			);
			defaultConfigurationIsVisible = 0;
			defaultConfigurationName = Release;
		};
/* End XCConfigurationList section */
	};
	rootObject = EAD1903A27D5B5A3001CF9B5 /* Project object */;
}
